
Microsoft Visual Studio Solution File, Format Version 12.00
# Visual Studio Version 17
VisualStudioVersion = 17.5.33627.172
MinimumVisualStudioVersion = 10.0.40219.1
Project("{FAE04EC0-301F-11D3-BF4B-00C04F79EFBC}") = "SS", "SS\SS.csproj", "{60C1CAF7-35D9-43A0-82AB-CD5933220539}"
EndProject
Global
	GlobalSection(SolutionConfigurationPlatforms) = preSolution
		Debug|Any CPU = Debug|Any CPU
		Release|Any CPU = Release|Any CPU
	EndGlobalSection
	GlobalSection(ProjectConfigurationPlatforms) = postSolution
		{60C1CAF7-35D9-43A0-82AB-CD5933220539}.Debug|Any CPU.ActiveCfg = Debug|Any CPU
		{60C1CAF7-35D9-43A0-82AB-CD5933220539}.Debug|Any CPU.Build.0 = Debug|Any CPU
		{60C1CAF7-35D9-43A0-82AB-CD5933220539}.Release|Any CPU.ActiveCfg = Release|Any CPU
		{60C1CAF7-35D9-43A0-82AB-CD5933220539}.Release|Any CPU.Build.0 = Release|Any CPU
	EndGlobalSection
	GlobalSection(SolutionProperties) = preSolution
		HideSolutionNode = FALSE
	EndGlobalSection
	GlobalSection(ExtensibilityGlobals) = postSolution
		SolutionGuid = {0F37FF7A-466E-4DA6-BE8E-EE3EFC756168}
	EndGlobalSection
EndGlobal
